<?xml version="1.0" encoding="utf-8"?>
<Project ToolsVersion="4.0" xmlns="http://schemas.microsoft.com/developer/msbuild/2003">
  <ItemGroup>
    <Filter Include="源文件">
      <UniqueIdentifier>{4FC737F1-C7A5-4376-A066-2A32D752A2FF}</UniqueIdentifier>
      <Extensions>cpp;c;cc;cxx;c++;cppm;ixx;def;odl;idl;hpj;bat;asm;asmx</Extensions>
    </Filter>
    <Filter Include="头文件">
      <UniqueIdentifier>{93995380-89BD-4b04-88EB-625FBE52EBFB}</UniqueIdentifier>
      <Extensions>h;hh;hpp;hxx;h++;hm;inl;inc;ipp;xsd</Extensions>
    </Filter>
    <Filter Include="资源文件">
      <UniqueIdentifier>{67DA6AB6-F800-4c08-8B7A-83BB121AAD01}</UniqueIdentifier>
      <Extensions>rc;ico;cur;bmp;dlg;rc2;rct;bin;rgs;gif;jpg;jpeg;jpe;resx;tiff;tif;png;wav;mfcribbon-ms</Extensions>
    </Filter>
    <Filter Include="NewFilter1">
      <UniqueIdentifier>{f6d33269-5432-40e3-bb58-9afeb153077a}</UniqueIdentifier>
    </Filter>
  </ItemGroup>
  <ItemGroup>
    <CudaCompile Include="cudaCrop.cu" />
    <CudaCompile Include="cudaResize.cu" />
    <CudaCompile Include="cudaFilterMode.cu" />
    <CudaCompile Include="cudaOverlay.cu" />
    <CudaCompile Include="cudaYUV-NV12.cu" />
    <CudaCompile Include="cudaYUV-YUYV.cu" />
    <CudaCompile Include="cudaYUV-YV12.cu" />
  </ItemGroup>
  <ItemGroup>
    <ClInclude Include="cudaCrop.h">
      <Filter>头文件</Filter>
    </ClInclude>
    <ClInclude Include="cudaResize.h">
      <Filter>头文件</Filter>
    </ClInclude>
    <ClInclude Include="imageFormat.h">
      <Filter>头文件</Filter>
    </ClInclude>
    <ClInclude Include="cudaUtility.h">
      <Filter>头文件</Filter>
    </ClInclude>
    <ClInclude Include="cudaFilterMode.cuh" />
    <ClInclude Include="cudaFilterMode.h">
      <Filter>头文件</Filter>
    </ClInclude>
    <ClInclude Include="cudaMath.h">
      <Filter>头文件</Filter>
    </ClInclude>
    <ClInclude Include="cudaOverlay.h">
      <Filter>头文件</Filter>
    </ClInclude>
    <ClInclude Include="cudaAlphaBlend.cuh" />
    <ClInclude Include="cudaVector.h">
      <Filter>头文件</Filter>
    </ClInclude>
    <ClInclude Include="cudaYUV.h">
      <Filter>头文件</Filter>
    </ClInclude>
  </ItemGroup>
  <ItemGroup>
    <None Include="imageFormat.inl">
      <Filter>头文件</Filter>
    </None>
  </ItemGroup>
</Project>