<?xml version="1.0" encoding="utf-8"?>
<Project ToolsVersion="4.0" xmlns="http://schemas.microsoft.com/developer/msbuild/2003">
  <ItemGroup>
    <Filter Include="源文件">
      <UniqueIdentifier>{4FC737F1-C7A5-4376-A066-2A32D752A2FF}</UniqueIdentifier>
      <Extensions>cpp;c;cc;cxx;c++;cppm;ixx;def;odl;idl;hpj;bat;asm;asmx</Extensions>
    </Filter>
    <Filter Include="头文件">
      <UniqueIdentifier>{93995380-89BD-4b04-88EB-625FBE52EBFB}</UniqueIdentifier>
      <Extensions>h;hh;hpp;hxx;h++;hm;inl;inc;ipp;xsd</Extensions>
    </Filter>
    <Filter Include="资源文件">
      <UniqueIdentifier>{67DA6AB6-F800-4c08-8B7A-83BB121AAD01}</UniqueIdentifier>
      <Extensions>rc;ico;cur;bmp;dlg;rc2;rct;bin;rgs;gif;jpg;jpeg;jpe;resx;tiff;tif;png;wav;mfcribbon-ms</Extensions>
    </Filter>
    <Filter Include="http_message">
      <UniqueIdentifier>{034ffff0-c358-47af-be65-d95b9fe63ffb}</UniqueIdentifier>
    </Filter>
    <Filter Include="msg_base">
      <UniqueIdentifier>{9fc8e03b-5bd2-4773-a55a-a6da884c6a09}</UniqueIdentifier>
    </Filter>
  </ItemGroup>
  <ItemGroup>
    <ClCompile Include="EnumDefine.pb.cc">
      <Filter>http_message</Filter>
    </ClCompile>
    <ClCompile Include="ErrorCode.pb.cc">
      <Filter>http_message</Filter>
    </ClCompile>
    <ClCompile Include="VideoSplit.pb.cc">
      <Filter>http_message</Filter>
    </ClCompile>
    <ClCompile Include="VideoSplitDefine.pb.cc">
      <Filter>http_message</Filter>
    </ClCompile>
  </ItemGroup>
  <ItemGroup>
    <ClInclude Include="EnumDefine.pb.h">
      <Filter>http_message</Filter>
    </ClInclude>
    <ClInclude Include="ErrorCode.pb.h">
      <Filter>http_message</Filter>
    </ClInclude>
    <ClInclude Include="VideoSplit.pb.h">
      <Filter>http_message</Filter>
    </ClInclude>
    <ClInclude Include="VideoSplitDefine.pb.h">
      <Filter>http_message</Filter>
    </ClInclude>
    <ClInclude Include="cmsg_base_id.h">
      <Filter>msg_base</Filter>
    </ClInclude>
  </ItemGroup>
</Project>