<?xml version="1.0" encoding="utf-8"?>
<Project ToolsVersion="4.0" xmlns="http://schemas.microsoft.com/developer/msbuild/2003">
  <ItemGroup>
    <ClCompile Include="ccamera_info_mgr.cpp" />
    <ClCompile Include="ccfg.cpp" />
    <ClCompile Include="cdecode.cpp" />
    <ClCompile Include="cencoder.cpp" />
    <ClCompile Include="crect_mem_copy.cpp" />
    <ClCompile Include="cvideo_split.cpp" />
    <ClCompile Include="cvideo_split_info_mgr.cpp" />
    <ClCompile Include="cvideo_split_mgr.cpp" />
    <ClCompile Include="cvideo_split_server.cpp" />
    <ClCompile Include="cweb_guard_reply.cpp" />
    <ClCompile Include="cweb_handler.cpp" />
    <ClCompile Include="cweb_http_api_mgr.cpp" />
    <ClCompile Include="cweb_http_api_proxy.cpp" />
    <ClCompile Include="encoder.c" />
    <ClCompile Include="main.cpp" />
    <ClCompile Include="cnvidia_info.cpp" />
    <ClCompile Include="cwebsocket_wan_server.cpp">
      <Filter>websocket</Filter>
    </ClCompile>
    <ClCompile Include="cwebsocket_wan_session.cpp">
      <Filter>websocket</Filter>
    </ClCompile>
    <ClCompile Include="cwebsocket_wan_session_handler.cpp">
      <Filter>websocket</Filter>
    </ClCompile>
    <ClCompile Include="cclient_msg_dispatch.cpp">
      <Filter>websocket</Filter>
    </ClCompile>
    <ClCompile Include="ccamera_status_mgr.cpp" />
  </ItemGroup>
  <ItemGroup>
    <ClInclude Include="ccamera_info_mgr.h" />
    <ClInclude Include="ccfg.h" />
    <ClInclude Include="cdecode.h" />
    <ClInclude Include="cencoder.h" />
    <ClInclude Include="chttp_code.h" />
    <ClInclude Include="crect_mem_copy.h" />
    <ClInclude Include="cvideo_split.h" />
    <ClInclude Include="cvideo_split_info_mgr.h" />
    <ClInclude Include="cvideo_split_mgr.h" />
    <ClInclude Include="cvideo_split_server.h" />
    <ClInclude Include="cweb_guard_reply.h" />
    <ClInclude Include="cweb_http_api_interface.h" />
    <ClInclude Include="cweb_http_api_mgr.h" />
    <ClInclude Include="cweb_http_api_proxy.h" />
    <ClInclude Include="cweb_http_struct.h" />
    <ClInclude Include="cnvidia_info.h" />
    <ClInclude Include="cwebsocket_wan_server.h">
      <Filter>websocket</Filter>
    </ClInclude>
    <ClInclude Include="cwebsocket_wan_session.h">
      <Filter>websocket</Filter>
    </ClInclude>
    <ClInclude Include="cclient_msg_dispatch.h">
      <Filter>websocket</Filter>
    </ClInclude>
    <ClInclude Include="ccamera_status_mgr.h" />
  </ItemGroup>
  <ItemGroup>
    <Filter Include="websocket">
      <UniqueIdentifier>{981437bd-e29f-4623-abea-ef5d732c8205}</UniqueIdentifier>
    </Filter>
  </ItemGroup>
</Project>